
Microsoft Visual Studio Solution File, Format Version 12.00
# Visual Studio Version 16
VisualStudioVersion = 16.0.31112.23
MinimumVisualStudioVersion = 10.0.40219.1
Project("{9A19103F-16F7-4668-BE54-9A1E7A4F7556}") = "MaxPizzaProject", "MaxPizzaProject.csproj", "{A3BF539C-254D-4834-BCF0-5BA487C8764A}"
EndProject
Global
	GlobalSection(SolutionConfigurationPlatforms) = preSolution
		Debug|Any CPU = Debug|Any CPU
		Release|Any CPU = Release|Any CPU
	EndGlobalSection
	GlobalSection(ProjectConfigurationPlatforms) = postSolution
		{A3BF539C-254D-4834-BCF0-5BA487C8764A}.Debug|Any CPU.ActiveCfg = Debug|Any CPU
		{A3BF539C-254D-4834-BCF0-5BA487C8764A}.Debug|Any CPU.Build.0 = Debug|Any CPU
		{A3BF539C-254D-4834-BCF0-5BA487C8764A}.Release|Any CPU.ActiveCfg = Release|Any CPU
		{A3BF539C-254D-4834-BCF0-5BA487C8764A}.Release|Any CPU.Build.0 = Release|Any CPU
	EndGlobalSection
	GlobalSection(SolutionProperties) = preSolution
		HideSolutionNode = FALSE
	EndGlobalSection
	GlobalSection(ExtensibilityGlobals) = postSolution
		SolutionGuid = {33959156-9ABC-44F2-9261-6FA397D673B1}
	EndGlobalSection
EndGlobal
